// !$*UTF8*$!
{
	archiveVersion = 1;
	classes = {
	};
	objectVersion = 51;
	objects = {

/* Begin PBXBuildFile section */
		2C84739089B0838C4CFFE70A /* Pods_Asignment01.framework in Frameworks */ = {isa = PBXBuildFile; fileRef = 044333898A3270319CC29FE6 /* Pods_Asignment01.framework */; };
		3508F9DF22DDD82500DF87F7 /* Asignment01.xcdatamodeld in Sources */ = {isa = PBXBuildFile; fileRef = 3508F9DD22DDD82500DF87F7 /* Asignment01.xcdatamodeld */; };
		3508FA0522DF02E300DF87F7 /* CoreDatabaseManager.swift in Sources */ = {isa = PBXBuildFile; fileRef = 3508FA0422DF02E300DF87F7 /* CoreDatabaseManager.swift */; };
		3519CDB722EEA72C00872C0C /* QuizSelectView.swift in Sources */ = {isa = PBXBuildFile; fileRef = 3519CDB622EEA72C00872C0C /* QuizSelectView.swift */; };
		3519CDDB22EED47C00872C0C /* QuestionListView.swift in Sources */ = {isa = PBXBuildFile; fileRef = 3519CDDA22EED47C00872C0C /* QuestionListView.swift */; };
		3519CDDD22EED49C00872C0C /* QuestionAnswerView.swift in Sources */ = {isa = PBXBuildFile; fileRef = 3519CDDC22EED49C00872C0C /* QuestionAnswerView.swift */; };
		3551B1E522F191CC00FEB135 /* QuizSelectViewControllerTest.swift in Sources */ = {isa = PBXBuildFile; fileRef = 3551B1E422F191CC00FEB135 /* QuizSelectViewControllerTest.swift */; };
		3551B1E722F1920400FEB135 /* QuestionListViewControllerTest.swift in Sources */ = {isa = PBXBuildFile; fileRef = 3551B1E622F1920400FEB135 /* QuestionListViewControllerTest.swift */; };
		3551B1E922F1922A00FEB135 /* QuestionAnswerViewController.swift in Sources */ = {isa = PBXBuildFile; fileRef = 3551B1E822F1922A00FEB135 /* QuestionAnswerViewController.swift */; };
		3551B1EB22F2A64500FEB135 /* FavoriteView.swift in Sources */ = {isa = PBXBuildFile; fileRef = 3551B1EA22F2A64500FEB135 /* FavoriteView.swift */; };
		3551B1ED22F2A7DD00FEB135 /* NotifyView.swift in Sources */ = {isa = PBXBuildFile; fileRef = 3551B1EC22F2A7DD00FEB135 /* NotifyView.swift */; };
		3551B1EF22F2AA0700FEB135 /* VideoView.swift in Sources */ = {isa = PBXBuildFile; fileRef = 3551B1EE22F2AA0700FEB135 /* VideoView.swift */; };
		3551B1F222F3007B00FEB135 /* NotificationViewControllerTest.swift in Sources */ = {isa = PBXBuildFile; fileRef = 3551B1F122F3007B00FEB135 /* NotificationViewControllerTest.swift */; };
		3551B1F522F300AC00FEB135 /* FavoriteViewControllerTest.swift in Sources */ = {isa = PBXBuildFile; fileRef = 3551B1F422F300AC00FEB135 /* FavoriteViewControllerTest.swift */; };
		3551B1F822F300EA00FEB135 /* VideoViewControllerTest.swift in Sources */ = {isa = PBXBuildFile; fileRef = 3551B1F722F300EA00FEB135 /* VideoViewControllerTest.swift */; };
		3551B1FF22F42E7000FEB135 /* ContactStoryboard.storyboard in Resources */ = {isa = PBXBuildFile; fileRef = 3551B1FE22F42E7000FEB135 /* ContactStoryboard.storyboard */; };
		3551B20122F430E700FEB135 /* ContactViewController.swift in Sources */ = {isa = PBXBuildFile; fileRef = 3551B20022F430E700FEB135 /* ContactViewController.swift */; };
		3551B20322F4310A00FEB135 /* ContactView.swift in Sources */ = {isa = PBXBuildFile; fileRef = 3551B20222F4310A00FEB135 /* ContactView.swift */; };
		3551B20522F433B800FEB135 /* ContactTableViewCell.swift in Sources */ = {isa = PBXBuildFile; fileRef = 3551B20422F433B800FEB135 /* ContactTableViewCell.swift */; };
		3551B20722F4379200FEB135 /* RealmModelData .swift in Sources */ = {isa = PBXBuildFile; fileRef = 3551B20622F4379200FEB135 /* RealmModelData .swift */; };
		356101CB22E5B501002A0B46 /* NotificationViewController.swift in Sources */ = {isa = PBXBuildFile; fileRef = 356101CA22E5B501002A0B46 /* NotificationViewController.swift */; };
		35DED13022E18FA10051968C /* FavoriteTableViewCell.swift in Sources */ = {isa = PBXBuildFile; fileRef = 35DED12F22E18FA10051968C /* FavoriteTableViewCell.swift */; };
		35E4B9E322D70B0F0059799F /* sports.jpg in Resources */ = {isa = PBXBuildFile; fileRef = 35E4B9E222D70B0F0059799F /* sports.jpg */; };
		35E5C1C422F027B200C265BB /* libsqlite3.0.tbd in Frameworks */ = {isa = PBXBuildFile; fileRef = 35E5C1C322F027B200C265BB /* libsqlite3.0.tbd */; };
		35E7528222E021EA0052CC85 /* FavoriteViewController.swift in Sources */ = {isa = PBXBuildFile; fileRef = 35E7528122E021EA0052CC85 /* FavoriteViewController.swift */; };
		35E9859C22EAAC0200EEDC20 /* VideoPlayerViewController.swift in Sources */ = {isa = PBXBuildFile; fileRef = 35E9859B22EAAC0200EEDC20 /* VideoPlayerViewController.swift */; };
		35E9859E22EAB52700EEDC20 /* example.json in Resources */ = {isa = PBXBuildFile; fileRef = 35E9859D22EAB52700EEDC20 /* example.json */; };
		35E985A522EACAC800EEDC20 /* QuizStoryboard.storyboard in Resources */ = {isa = PBXBuildFile; fileRef = 35E985A422EACAC800EEDC20 /* QuizStoryboard.storyboard */; };
		35E985A922EACDC900EEDC20 /* FavoriteStoryboard.storyboard in Resources */ = {isa = PBXBuildFile; fileRef = 35E985A822EACDC900EEDC20 /* FavoriteStoryboard.storyboard */; };
		35E985AC22EACF4900EEDC20 /* NotifyStoryboard.storyboard in Resources */ = {isa = PBXBuildFile; fileRef = 35E985AB22EACF4900EEDC20 /* NotifyStoryboard.storyboard */; };
		35E985AF22EAD0AC00EEDC20 /* VideoStoryboard.storyboard in Resources */ = {isa = PBXBuildFile; fileRef = 35E985AE22EAD0AC00EEDC20 /* VideoStoryboard.storyboard */; };
		35EB612222D44C5F00F6D119 /* AppDelegate.swift in Sources */ = {isa = PBXBuildFile; fileRef = 35EB612122D44C5F00F6D119 /* AppDelegate.swift */; };
		35EB612722D44C5F00F6D119 /* Main.storyboard in Resources */ = {isa = PBXBuildFile; fileRef = 35EB612522D44C5F00F6D119 /* Main.storyboard */; };
		35EB612922D44C6000F6D119 /* Assets.xcassets in Resources */ = {isa = PBXBuildFile; fileRef = 35EB612822D44C6000F6D119 /* Assets.xcassets */; };
		35EB612C22D44C6000F6D119 /* LaunchScreen.storyboard in Resources */ = {isa = PBXBuildFile; fileRef = 35EB612A22D44C6000F6D119 /* LaunchScreen.storyboard */; };
		35EB613422D44CFD00F6D119 /* QuizSelectViewController.swift in Sources */ = {isa = PBXBuildFile; fileRef = 35EB613322D44CFD00F6D119 /* QuizSelectViewController.swift */; };
		35EB613622D44D0D00F6D119 /* QuestionListViewController.swift in Sources */ = {isa = PBXBuildFile; fileRef = 35EB613522D44D0D00F6D119 /* QuestionListViewController.swift */; };
		35EB613822D44D1A00F6D119 /* QuestionAnswerViewController.swift in Sources */ = {isa = PBXBuildFile; fileRef = 35EB613722D44D1A00F6D119 /* QuestionAnswerViewController.swift */; };
		35EB613A22D44F0C00F6D119 /* QuizHomeCollectionViewCell.swift in Sources */ = {isa = PBXBuildFile; fileRef = 35EB613922D44F0C00F6D119 /* QuizHomeCollectionViewCell.swift */; };
		35EB613C22D461C300F6D119 /* QuizModelData.swift in Sources */ = {isa = PBXBuildFile; fileRef = 35EB613B22D461C300F6D119 /* QuizModelData.swift */; };
		35EB613E22D4630B00F6D119 /* QuestionListTableViewCell.swift in Sources */ = {isa = PBXBuildFile; fileRef = 35EB613D22D4630B00F6D119 /* QuestionListTableViewCell.swift */; };
		35EB614222D48D0500F6D119 /* QuestionAnswerTableViewCell.swift in Sources */ = {isa = PBXBuildFile; fileRef = 35EB614122D48D0500F6D119 /* QuestionAnswerTableViewCell.swift */; };
		35F2E63822F83405002AE61F /* VideoTableViewCell.swift in Sources */ = {isa = PBXBuildFile; fileRef = 35F2E63722F83405002AE61F /* VideoTableViewCell.swift */; };
		84CD9E62AAC66DE5EF17DBE2 /* Pods_Asignment01Test.framework in Frameworks */ = {isa = PBXBuildFile; fileRef = 5DBF77EAA416C3F80B83B0DD /* Pods_Asignment01Test.framework */; };
/* End PBXBuildFile section */

/* Begin PBXContainerItemProxy section */
		3551B1DC22F190B800FEB135 /* PBXContainerItemProxy */ = {
			isa = PBXContainerItemProxy;
			containerPortal = 35EB611622D44C5F00F6D119 /* Project object */;
			proxyType = 1;
			remoteGlobalIDString = 35EB611D22D44C5F00F6D119;
			remoteInfo = Asignment01;
		};
/* End PBXContainerItemProxy section */

/* Begin PBXFileReference section */
		044333898A3270319CC29FE6 /* Pods_Asignment01.framework */ = {isa = PBXFileReference; explicitFileType = wrapper.framework; includeInIndex = 0; path = Pods_Asignment01.framework; sourceTree = BUILT_PRODUCTS_DIR; };
		3508F9DE22DDD82500DF87F7 /* Asignment01.xcdatamodel */ = {isa = PBXFileReference; lastKnownFileType = wrapper.xcdatamodel; path = Asignment01.xcdatamodel; sourceTree = "<group>"; };
		3508FA0422DF02E300DF87F7 /* CoreDatabaseManager.swift */ = {isa = PBXFileReference; lastKnownFileType = sourcecode.swift; path = CoreDatabaseManager.swift; sourceTree = "<group>"; };
		3519CDB622EEA72C00872C0C /* QuizSelectView.swift */ = {isa = PBXFileReference; lastKnownFileType = sourcecode.swift; path = QuizSelectView.swift; sourceTree = "<group>"; };
		3519CDDA22EED47C00872C0C /* QuestionListView.swift */ = {isa = PBXFileReference; lastKnownFileType = sourcecode.swift; path = QuestionListView.swift; sourceTree = "<group>"; };
		3519CDDC22EED49C00872C0C /* QuestionAnswerView.swift */ = {isa = PBXFileReference; lastKnownFileType = sourcecode.swift; path = QuestionAnswerView.swift; sourceTree = "<group>"; };
		3551B1D722F190B800FEB135 /* Asignment01Test.xctest */ = {isa = PBXFileReference; explicitFileType = wrapper.cfbundle; includeInIndex = 0; path = Asignment01Test.xctest; sourceTree = BUILT_PRODUCTS_DIR; };
		3551B1DB22F190B800FEB135 /* Info.plist */ = {isa = PBXFileReference; lastKnownFileType = text.plist.xml; path = Info.plist; sourceTree = "<group>"; };
		3551B1E422F191CC00FEB135 /* QuizSelectViewControllerTest.swift */ = {isa = PBXFileReference; lastKnownFileType = sourcecode.swift; path = QuizSelectViewControllerTest.swift; sourceTree = "<group>"; };
		3551B1E622F1920400FEB135 /* QuestionListViewControllerTest.swift */ = {isa = PBXFileReference; lastKnownFileType = sourcecode.swift; path = QuestionListViewControllerTest.swift; sourceTree = "<group>"; };
		3551B1E822F1922A00FEB135 /* QuestionAnswerViewController.swift */ = {isa = PBXFileReference; lastKnownFileType = sourcecode.swift; path = QuestionAnswerViewController.swift; sourceTree = "<group>"; };
		3551B1EA22F2A64500FEB135 /* FavoriteView.swift */ = {isa = PBXFileReference; lastKnownFileType = sourcecode.swift; path = FavoriteView.swift; sourceTree = "<group>"; };
		3551B1EC22F2A7DD00FEB135 /* NotifyView.swift */ = {isa = PBXFileReference; lastKnownFileType = sourcecode.swift; path = NotifyView.swift; sourceTree = "<group>"; };
		3551B1EE22F2AA0700FEB135 /* VideoView.swift */ = {isa = PBXFileReference; lastKnownFileType = sourcecode.swift; path = VideoView.swift; sourceTree = "<group>"; };
		3551B1F122F3007B00FEB135 /* NotificationViewControllerTest.swift */ = {isa = PBXFileReference; lastKnownFileType = sourcecode.swift; path = NotificationViewControllerTest.swift; sourceTree = "<group>"; };
		3551B1F422F300AC00FEB135 /* FavoriteViewControllerTest.swift */ = {isa = PBXFileReference; lastKnownFileType = sourcecode.swift; path = FavoriteViewControllerTest.swift; sourceTree = "<group>"; };
		3551B1F722F300EA00FEB135 /* VideoViewControllerTest.swift */ = {isa = PBXFileReference; lastKnownFileType = sourcecode.swift; path = VideoViewControllerTest.swift; sourceTree = "<group>"; };
		3551B1FE22F42E7000FEB135 /* ContactStoryboard.storyboard */ = {isa = PBXFileReference; lastKnownFileType = file.storyboard; path = ContactStoryboard.storyboard; sourceTree = "<group>"; };
		3551B20022F430E700FEB135 /* ContactViewController.swift */ = {isa = PBXFileReference; lastKnownFileType = sourcecode.swift; path = ContactViewController.swift; sourceTree = "<group>"; };
		3551B20222F4310A00FEB135 /* ContactView.swift */ = {isa = PBXFileReference; lastKnownFileType = sourcecode.swift; path = ContactView.swift; sourceTree = "<group>"; };
		3551B20422F433B800FEB135 /* ContactTableViewCell.swift */ = {isa = PBXFileReference; lastKnownFileType = sourcecode.swift; path = ContactTableViewCell.swift; sourceTree = "<group>"; };
		3551B20622F4379200FEB135 /* RealmModelData .swift */ = {isa = PBXFileReference; lastKnownFileType = sourcecode.swift; path = "RealmModelData .swift"; sourceTree = "<group>"; };
		356101CA22E5B501002A0B46 /* NotificationViewController.swift */ = {isa = PBXFileReference; lastKnownFileType = sourcecode.swift; path = NotificationViewController.swift; sourceTree = "<group>"; };
		35DED12F22E18FA10051968C /* FavoriteTableViewCell.swift */ = {isa = PBXFileReference; lastKnownFileType = sourcecode.swift; path = FavoriteTableViewCell.swift; sourceTree = "<group>"; };
		35E4B9E222D70B0F0059799F /* sports.jpg */ = {isa = PBXFileReference; lastKnownFileType = image.jpeg; path = sports.jpg; sourceTree = "<group>"; };
		35E5C1C322F027B200C265BB /* libsqlite3.0.tbd */ = {isa = PBXFileReference; lastKnownFileType = "sourcecode.text-based-dylib-definition"; name = libsqlite3.0.tbd; path = usr/lib/libsqlite3.0.tbd; sourceTree = SDKROOT; };
		35E7528122E021EA0052CC85 /* FavoriteViewController.swift */ = {isa = PBXFileReference; lastKnownFileType = sourcecode.swift; path = FavoriteViewController.swift; sourceTree = "<group>"; };
		35E9859B22EAAC0200EEDC20 /* VideoPlayerViewController.swift */ = {isa = PBXFileReference; lastKnownFileType = sourcecode.swift; path = VideoPlayerViewController.swift; sourceTree = "<group>"; };
		35E9859D22EAB52700EEDC20 /* example.json */ = {isa = PBXFileReference; fileEncoding = 4; lastKnownFileType = text.json; path = example.json; sourceTree = "<group>"; };
		35E985A422EACAC800EEDC20 /* QuizStoryboard.storyboard */ = {isa = PBXFileReference; lastKnownFileType = file.storyboard; path = QuizStoryboard.storyboard; sourceTree = "<group>"; };
		35E985A822EACDC900EEDC20 /* FavoriteStoryboard.storyboard */ = {isa = PBXFileReference; lastKnownFileType = file.storyboard; path = FavoriteStoryboard.storyboard; sourceTree = "<group>"; };
		35E985AB22EACF4900EEDC20 /* NotifyStoryboard.storyboard */ = {isa = PBXFileReference; lastKnownFileType = file.storyboard; path = NotifyStoryboard.storyboard; sourceTree = "<group>"; };
		35E985AE22EAD0AC00EEDC20 /* VideoStoryboard.storyboard */ = {isa = PBXFileReference; lastKnownFileType = file.storyboard; path = VideoStoryboard.storyboard; sourceTree = "<group>"; };
		35EB611E22D44C5F00F6D119 /* Asignment01.app */ = {isa = PBXFileReference; explicitFileType = wrapper.application; includeInIndex = 0; path = Asignment01.app; sourceTree = BUILT_PRODUCTS_DIR; };
		35EB612122D44C5F00F6D119 /* AppDelegate.swift */ = {isa = PBXFileReference; lastKnownFileType = sourcecode.swift; path = AppDelegate.swift; sourceTree = "<group>"; };
		35EB612622D44C5F00F6D119 /* Base */ = {isa = PBXFileReference; lastKnownFileType = file.storyboard; name = Base; path = Base.lproj/Main.storyboard; sourceTree = "<group>"; };
		35EB612822D44C6000F6D119 /* Assets.xcassets */ = {isa = PBXFileReference; lastKnownFileType = folder.assetcatalog; path = Assets.xcassets; sourceTree = "<group>"; };
		35EB612B22D44C6000F6D119 /* Base */ = {isa = PBXFileReference; lastKnownFileType = file.storyboard; name = Base; path = Base.lproj/LaunchScreen.storyboard; sourceTree = "<group>"; };
		35EB612D22D44C6000F6D119 /* Info.plist */ = {isa = PBXFileReference; lastKnownFileType = text.plist.xml; path = Info.plist; sourceTree = "<group>"; };
		35EB613322D44CFD00F6D119 /* QuizSelectViewController.swift */ = {isa = PBXFileReference; lastKnownFileType = sourcecode.swift; path = QuizSelectViewController.swift; sourceTree = "<group>"; };
		35EB613522D44D0D00F6D119 /* QuestionListViewController.swift */ = {isa = PBXFileReference; lastKnownFileType = sourcecode.swift; path = QuestionListViewController.swift; sourceTree = "<group>"; };
		35EB613722D44D1A00F6D119 /* QuestionAnswerViewController.swift */ = {isa = PBXFileReference; lastKnownFileType = sourcecode.swift; path = QuestionAnswerViewController.swift; sourceTree = "<group>"; };
		35EB613922D44F0C00F6D119 /* QuizHomeCollectionViewCell.swift */ = {isa = PBXFileReference; lastKnownFileType = sourcecode.swift; path = QuizHomeCollectionViewCell.swift; sourceTree = "<group>"; };
		35EB613B22D461C300F6D119 /* QuizModelData.swift */ = {isa = PBXFileReference; lastKnownFileType = sourcecode.swift; path = QuizModelData.swift; sourceTree = "<group>"; };
		35EB613D22D4630B00F6D119 /* QuestionListTableViewCell.swift */ = {isa = PBXFileReference; lastKnownFileType = sourcecode.swift; path = QuestionListTableViewCell.swift; sourceTree = "<group>"; };
		35EB614122D48D0500F6D119 /* QuestionAnswerTableViewCell.swift */ = {isa = PBXFileReference; lastKnownFileType = sourcecode.swift; path = QuestionAnswerTableViewCell.swift; sourceTree = "<group>"; };
		35F2E63722F83405002AE61F /* VideoTableViewCell.swift */ = {isa = PBXFileReference; lastKnownFileType = sourcecode.swift; path = VideoTableViewCell.swift; sourceTree = "<group>"; };
		5DBF77EAA416C3F80B83B0DD /* Pods_Asignment01Test.framework */ = {isa = PBXFileReference; explicitFileType = wrapper.framework; includeInIndex = 0; path = Pods_Asignment01Test.framework; sourceTree = BUILT_PRODUCTS_DIR; };
		937899FE44A57802C30669D7 /* Pods-Asignment01.release.xcconfig */ = {isa = PBXFileReference; includeInIndex = 1; lastKnownFileType = text.xcconfig; name = "Pods-Asignment01.release.xcconfig"; path = "Target Support Files/Pods-Asignment01/Pods-Asignment01.release.xcconfig"; sourceTree = "<group>"; };
		9B328B0AC0EA6213B61F92E0 /* Pods-Asignment01.debug.xcconfig */ = {isa = PBXFileReference; includeInIndex = 1; lastKnownFileType = text.xcconfig; name = "Pods-Asignment01.debug.xcconfig"; path = "Target Support Files/Pods-Asignment01/Pods-Asignment01.debug.xcconfig"; sourceTree = "<group>"; };
		FA3A2BF2756D668CB4346FD4 /* Pods-Asignment01Test.release.xcconfig */ = {isa = PBXFileReference; includeInIndex = 1; lastKnownFileType = text.xcconfig; name = "Pods-Asignment01Test.release.xcconfig"; path = "Target Support Files/Pods-Asignment01Test/Pods-Asignment01Test.release.xcconfig"; sourceTree = "<group>"; };
		FF594A921DDC7AB80EA676F3 /* Pods-Asignment01Test.debug.xcconfig */ = {isa = PBXFileReference; includeInIndex = 1; lastKnownFileType = text.xcconfig; name = "Pods-Asignment01Test.debug.xcconfig"; path = "Target Support Files/Pods-Asignment01Test/Pods-Asignment01Test.debug.xcconfig"; sourceTree = "<group>"; };
/* End PBXFileReference section */

/* Begin PBXFrameworksBuildPhase section */
		3551B1D422F190B800FEB135 /* Frameworks */ = {
			isa = PBXFrameworksBuildPhase;
			buildActionMask = 2147483647;
			files = (
				84CD9E62AAC66DE5EF17DBE2 /* Pods_Asignment01Test.framework in Frameworks */,
			);
			runOnlyForDeploymentPostprocessing = 0;
		};
		35EB611B22D44C5F00F6D119 /* Frameworks */ = {
			isa = PBXFrameworksBuildPhase;
			buildActionMask = 2147483647;
			files = (
				35E5C1C422F027B200C265BB /* libsqlite3.0.tbd in Frameworks */,
				2C84739089B0838C4CFFE70A /* Pods_Asignment01.framework in Frameworks */,
			);
			runOnlyForDeploymentPostprocessing = 0;
		};
/* End PBXFrameworksBuildPhase section */

/* Begin PBXGroup section */
		3508FA0322DF028F00DF87F7 /* DatabaseOperations_CoreData */ = {
			isa = PBXGroup;
			children = (
				3508FA0422DF02E300DF87F7 /* CoreDatabaseManager.swift */,
				3508F9DD22DDD82500DF87F7 /* Asignment01.xcdatamodeld */,
			);
			path = DatabaseOperations_CoreData;
			sourceTree = "<group>";
		};
		3551B1D822F190B800FEB135 /* Asignment01Test */ = {
			isa = PBXGroup;
			children = (
				3551B1E322F1912B00FEB135 /* HomeTest */,
				3551B1F622F300BB00FEB135 /* VideoTest */,
				3551B1F322F3008700FEB135 /* FavoritesTest */,
				3551B1F022F3004000FEB135 /* NotificationTest */,
				3551B1DB22F190B800FEB135 /* Info.plist */,
			);
			path = Asignment01Test;
			sourceTree = "<group>";
		};
		3551B1E322F1912B00FEB135 /* HomeTest */ = {
			isa = PBXGroup;
			children = (
				3551B1E422F191CC00FEB135 /* QuizSelectViewControllerTest.swift */,
				3551B1E622F1920400FEB135 /* QuestionListViewControllerTest.swift */,
				3551B1E822F1922A00FEB135 /* QuestionAnswerViewController.swift */,
			);
			path = HomeTest;
			sourceTree = "<group>";
		};
		3551B1F022F3004000FEB135 /* NotificationTest */ = {
			isa = PBXGroup;
			children = (
				3551B1F122F3007B00FEB135 /* NotificationViewControllerTest.swift */,
			);
			path = NotificationTest;
			sourceTree = "<group>";
		};
		3551B1F322F3008700FEB135 /* FavoritesTest */ = {
			isa = PBXGroup;
			children = (
				3551B1F422F300AC00FEB135 /* FavoriteViewControllerTest.swift */,
			);
			path = FavoritesTest;
			sourceTree = "<group>";
		};
		3551B1F622F300BB00FEB135 /* VideoTest */ = {
			isa = PBXGroup;
			children = (
				3551B1F722F300EA00FEB135 /* VideoViewControllerTest.swift */,
			);
			path = VideoTest;
			sourceTree = "<group>";
		};
		3551B1F922F42DB200FEB135 /* Contact */ = {
			isa = PBXGroup;
			children = (
				3551B1FB22F42DF200FEB135 /* View */,
				3551B1FA22F42DE400FEB135 /* ViewController */,
			);
			path = Contact;
			sourceTree = "<group>";
		};
		3551B1FA22F42DE400FEB135 /* ViewController */ = {
			isa = PBXGroup;
			children = (
				3551B20022F430E700FEB135 /* ContactViewController.swift */,
			);
			path = ViewController;
			sourceTree = "<group>";
		};
		3551B1FB22F42DF200FEB135 /* View */ = {
			isa = PBXGroup;
			children = (
				3551B1FC22F42E1000FEB135 /* Cells */,
				3551B1FD22F42E1C00FEB135 /* StoryBoard */,
				3551B20222F4310A00FEB135 /* ContactView.swift */,
			);
			path = View;
			sourceTree = "<group>";
		};
		3551B1FC22F42E1000FEB135 /* Cells */ = {
			isa = PBXGroup;
			children = (
				3551B20422F433B800FEB135 /* ContactTableViewCell.swift */,
			);
			path = Cells;
			sourceTree = "<group>";
		};
		3551B1FD22F42E1C00FEB135 /* StoryBoard */ = {
			isa = PBXGroup;
			children = (
				3551B1FE22F42E7000FEB135 /* ContactStoryboard.storyboard */,
			);
			path = StoryBoard;
			sourceTree = "<group>";
		};
		356101C622E5B489002A0B46 /* View */ = {
			isa = PBXGroup;
			children = (
				356101C822E5B4B5002A0B46 /* Cells */,
				356101C722E5B495002A0B46 /* StoryBoard */,
				3551B1EC22F2A7DD00FEB135 /* NotifyView.swift */,
			);
			path = View;
			sourceTree = "<group>";
		};
		356101C722E5B495002A0B46 /* StoryBoard */ = {
			isa = PBXGroup;
			children = (
				35E985AB22EACF4900EEDC20 /* NotifyStoryboard.storyboard */,
			);
			path = StoryBoard;
			sourceTree = "<group>";
		};
		356101C822E5B4B5002A0B46 /* Cells */ = {
			isa = PBXGroup;
			children = (
			);
			path = Cells;
			sourceTree = "<group>";
		};
		356101C922E5B4CD002A0B46 /* ViewController */ = {
			isa = PBXGroup;
			children = (
				356101CA22E5B501002A0B46 /* NotificationViewController.swift */,
			);
			path = ViewController;
			sourceTree = "<group>";
		};
		35AB089B22E8256B00344377 /* PlayingVideo */ = {
			isa = PBXGroup;
			children = (
				35AB089F22E825BA00344377 /* ViewController */,
				35AB089C22E8259700344377 /* View */,
			);
			path = PlayingVideo;
			sourceTree = "<group>";
		};
		35AB089C22E8259700344377 /* View */ = {
			isa = PBXGroup;
			children = (
				35AB089E22E825AE00344377 /* Storyboard */,
				35AB089D22E825A400344377 /* Cells */,
				3551B1EE22F2AA0700FEB135 /* VideoView.swift */,
			);
			path = View;
			sourceTree = "<group>";
		};
		35AB089D22E825A400344377 /* Cells */ = {
			isa = PBXGroup;
			children = (
				35F2E63722F83405002AE61F /* VideoTableViewCell.swift */,
			);
			path = Cells;
			sourceTree = "<group>";
		};
		35AB089E22E825AE00344377 /* Storyboard */ = {
			isa = PBXGroup;
			children = (
			);
			path = Storyboard;
			sourceTree = "<group>";
		};
		35AB089F22E825BA00344377 /* ViewController */ = {
			isa = PBXGroup;
			children = (
				35E9859B22EAAC0200EEDC20 /* VideoPlayerViewController.swift */,
			);
			path = ViewController;
			sourceTree = "<group>";
		};
		35E5C1C222F027B200C265BB /* Frameworks */ = {
			isa = PBXGroup;
			children = (
				35E5C1C322F027B200C265BB /* libsqlite3.0.tbd */,
				044333898A3270319CC29FE6 /* Pods_Asignment01.framework */,
				5DBF77EAA416C3F80B83B0DD /* Pods_Asignment01Test.framework */,
			);
			name = Frameworks;
			sourceTree = "<group>";
		};
		35E7527E22E021AA0052CC85 /* View */ = {
			isa = PBXGroup;
			children = (
				35E7527F22E021B90052CC85 /* StoryBoard */,
				35FB688122E588FE0070CDF4 /* Cells */,
				3551B1EA22F2A64500FEB135 /* FavoriteView.swift */,
			);
			path = View;
			sourceTree = "<group>";
		};
		35E7527F22E021B90052CC85 /* StoryBoard */ = {
			isa = PBXGroup;
			children = (
				35E985A822EACDC900EEDC20 /* FavoriteStoryboard.storyboard */,
			);
			path = StoryBoard;
			sourceTree = "<group>";
		};
		35E7528022E021C60052CC85 /* ViewController */ = {
			isa = PBXGroup;
			children = (
				35E7528122E021EA0052CC85 /* FavoriteViewController.swift */,
			);
			path = ViewController;
			sourceTree = "<group>";
		};
		35E9859F22EABA9F00EEDC20 /* Home */ = {
			isa = PBXGroup;
			children = (
				35ED710922D59C8400E5AA1C /* ModelClass */,
				35ED70FB22D5989800E5AA1C /* Resources */,
				35E985B022EAE1FA00EEDC20 /* ViewControllers */,
				35E985B122EAE22100EEDC20 /* Views */,
			);
			path = Home;
			sourceTree = "<group>";
		};
		35E985A022EABC7E00EEDC20 /* Favorites */ = {
			isa = PBXGroup;
			children = (
				35E7528022E021C60052CC85 /* ViewController */,
				35E7527E22E021AA0052CC85 /* View */,
			);
			path = Favorites;
			sourceTree = "<group>";
		};
		35E985A122EABCAF00EEDC20 /* Notify */ = {
			isa = PBXGroup;
			children = (
				356101C922E5B4CD002A0B46 /* ViewController */,
				356101C622E5B489002A0B46 /* View */,
			);
			path = Notify;
			sourceTree = "<group>";
		};
		35E985A222EABCC000EEDC20 /* Video */ = {
			isa = PBXGroup;
			children = (
				35E985AD22EAD07300EEDC20 /* VideoStoryBoard */,
				35AB089B22E8256B00344377 /* PlayingVideo */,
			);
			path = Video;
			sourceTree = "<group>";
		};
		35E985AD22EAD07300EEDC20 /* VideoStoryBoard */ = {
			isa = PBXGroup;
			children = (
				35E985AE22EAD0AC00EEDC20 /* VideoStoryboard.storyboard */,
			);
			path = VideoStoryBoard;
			sourceTree = "<group>";
		};
		35E985B022EAE1FA00EEDC20 /* ViewControllers */ = {
			isa = PBXGroup;
			children = (
				35EB613322D44CFD00F6D119 /* QuizSelectViewController.swift */,
				35EB613522D44D0D00F6D119 /* QuestionListViewController.swift */,
				35EB613722D44D1A00F6D119 /* QuestionAnswerViewController.swift */,
			);
			path = ViewControllers;
			sourceTree = "<group>";
		};
		35E985B122EAE22100EEDC20 /* Views */ = {
			isa = PBXGroup;
			children = (
				35E985B322EAE28C00EEDC20 /* Storyboard */,
				35E985B222EAE24A00EEDC20 /* Cells */,
				3519CDB622EEA72C00872C0C /* QuizSelectView.swift */,
				3519CDDA22EED47C00872C0C /* QuestionListView.swift */,
				3519CDDC22EED49C00872C0C /* QuestionAnswerView.swift */,
			);
			path = Views;
			sourceTree = "<group>";
		};
		35E985B222EAE24A00EEDC20 /* Cells */ = {
			isa = PBXGroup;
			children = (
				35EB613922D44F0C00F6D119 /* QuizHomeCollectionViewCell.swift */,
				35EB613D22D4630B00F6D119 /* QuestionListTableViewCell.swift */,
				35EB614122D48D0500F6D119 /* QuestionAnswerTableViewCell.swift */,
			);
			path = Cells;
			sourceTree = "<group>";
		};
		35E985B322EAE28C00EEDC20 /* Storyboard */ = {
			isa = PBXGroup;
			children = (
				35E985A422EACAC800EEDC20 /* QuizStoryboard.storyboard */,
			);
			path = Storyboard;
			sourceTree = "<group>";
		};
		35EB611522D44C5F00F6D119 = {
			isa = PBXGroup;
			children = (
				35EB612022D44C5F00F6D119 /* Asignment01 */,
				3551B1D822F190B800FEB135 /* Asignment01Test */,
				35EB611F22D44C5F00F6D119 /* Products */,
				35E5C1C222F027B200C265BB /* Frameworks */,
				65E2DCFBECE4D697D70D8DCE /* Pods */,
			);
			sourceTree = "<group>";
		};
		35EB611F22D44C5F00F6D119 /* Products */ = {
			isa = PBXGroup;
			children = (
				35EB611E22D44C5F00F6D119 /* Asignment01.app */,
				3551B1D722F190B800FEB135 /* Asignment01Test.xctest */,
			);
			name = Products;
			sourceTree = "<group>";
		};
		35EB612022D44C5F00F6D119 /* Asignment01 */ = {
			isa = PBXGroup;
			children = (
				35E9859F22EABA9F00EEDC20 /* Home */,
				35E985A022EABC7E00EEDC20 /* Favorites */,
				35E985A122EABCAF00EEDC20 /* Notify */,
				35E985A222EABCC000EEDC20 /* Video */,
				3551B1F922F42DB200FEB135 /* Contact */,
				3508FA0322DF028F00DF87F7 /* DatabaseOperations_CoreData */,
				35EB612122D44C5F00F6D119 /* AppDelegate.swift */,
				35EB612522D44C5F00F6D119 /* Main.storyboard */,
				35EB612822D44C6000F6D119 /* Assets.xcassets */,
				35E4B9E222D70B0F0059799F /* sports.jpg */,
				35EB612A22D44C6000F6D119 /* LaunchScreen.storyboard */,
				35EB612D22D44C6000F6D119 /* Info.plist */,
			);
			path = Asignment01;
			sourceTree = "<group>";
		};
		35ED70FB22D5989800E5AA1C /* Resources */ = {
			isa = PBXGroup;
			children = (
				35E9859D22EAB52700EEDC20 /* example.json */,
			);
			path = Resources;
			sourceTree = "<group>";
		};
		35ED710922D59C8400E5AA1C /* ModelClass */ = {
			isa = PBXGroup;
			children = (
				35EB613B22D461C300F6D119 /* QuizModelData.swift */,
				3551B20622F4379200FEB135 /* RealmModelData .swift */,
			);
			path = ModelClass;
			sourceTree = "<group>";
		};
		35FB688122E588FE0070CDF4 /* Cells */ = {
			isa = PBXGroup;
			children = (
				35DED12F22E18FA10051968C /* FavoriteTableViewCell.swift */,
			);
			path = Cells;
			sourceTree = "<group>";
		};
		65E2DCFBECE4D697D70D8DCE /* Pods */ = {
			isa = PBXGroup;
			children = (
				9B328B0AC0EA6213B61F92E0 /* Pods-Asignment01.debug.xcconfig */,
				937899FE44A57802C30669D7 /* Pods-Asignment01.release.xcconfig */,
				FF594A921DDC7AB80EA676F3 /* Pods-Asignment01Test.debug.xcconfig */,
				FA3A2BF2756D668CB4346FD4 /* Pods-Asignment01Test.release.xcconfig */,
			);
			path = Pods;
			sourceTree = "<group>";
		};
/* End PBXGroup section */

/* Begin PBXNativeTarget section */
		3551B1D622F190B800FEB135 /* Asignment01Test */ = {
			isa = PBXNativeTarget;
			buildConfigurationList = 3551B1DE22F190B800FEB135 /* Build configuration list for PBXNativeTarget "Asignment01Test" */;
			buildPhases = (
				22205BE5D3F824BBD466AC0B /* [CP] Check Pods Manifest.lock */,
				3551B1D322F190B800FEB135 /* Sources */,
				3551B1D422F190B800FEB135 /* Frameworks */,
				3551B1D522F190B800FEB135 /* Resources */,
			);
			buildRules = (
			);
			dependencies = (
				3551B1DD22F190B800FEB135 /* PBXTargetDependency */,
			);
			name = Asignment01Test;
			productName = Asignment01Test;
			productReference = 3551B1D722F190B800FEB135 /* Asignment01Test.xctest */;
			productType = "com.apple.product-type.bundle.unit-test";
		};
		35EB611D22D44C5F00F6D119 /* Asignment01 */ = {
			isa = PBXNativeTarget;
			buildConfigurationList = 35EB613022D44C6000F6D119 /* Build configuration list for PBXNativeTarget "Asignment01" */;
			buildPhases = (
				686FBACB202058C6331997AA /* [CP] Check Pods Manifest.lock */,
				35EB611A22D44C5F00F6D119 /* Sources */,
				35EB611B22D44C5F00F6D119 /* Frameworks */,
				35EB611C22D44C5F00F6D119 /* Resources */,
				BFC5A0354EA86513AA48C78D /* [CP] Embed Pods Frameworks */,
			);
			buildRules = (
			);
			dependencies = (
			);
			name = Asignment01;
			productName = Asignment01;
			productReference = 35EB611E22D44C5F00F6D119 /* Asignment01.app */;
			productType = "com.apple.product-type.application";
		};
/* End PBXNativeTarget section */

/* Begin PBXProject section */
		35EB611622D44C5F00F6D119 /* Project object */ = {
			isa = PBXProject;
			attributes = {
				LastSwiftUpdateCheck = 1020;
				LastUpgradeCheck = 1020;
				ORGANIZATIONNAME = "Mamatha S";
				TargetAttributes = {
					3551B1D622F190B800FEB135 = {
						CreatedOnToolsVersion = 10.2.1;
						LastSwiftMigration = 1020;
						TestTargetID = 35EB611D22D44C5F00F6D119;
					};
					35EB611D22D44C5F00F6D119 = {
						CreatedOnToolsVersion = 10.2.1;
						LastSwiftMigration = 1020;
					};
				};
			};
			buildConfigurationList = 35EB611922D44C5F00F6D119 /* Build configuration list for PBXProject "Asignment01" */;
			compatibilityVersion = "Xcode 9.3";
			developmentRegion = en;
			hasScannedForEncodings = 0;
			knownRegions = (
				en,
				Base,
			);
			mainGroup = 35EB611522D44C5F00F6D119;
			productRefGroup = 35EB611F22D44C5F00F6D119 /* Products */;
			projectDirPath = "";
			projectRoot = "";
			targets = (
				35EB611D22D44C5F00F6D119 /* Asignment01 */,
				3551B1D622F190B800FEB135 /* Asignment01Test */,
			);
		};
/* End PBXProject section */

/* Begin PBXResourcesBuildPhase section */
		3551B1D522F190B800FEB135 /* Resources */ = {
			isa = PBXResourcesBuildPhase;
			buildActionMask = 2147483647;
			files = (
			);
			runOnlyForDeploymentPostprocessing = 0;
		};
		35EB611C22D44C5F00F6D119 /* Resources */ = {
			isa = PBXResourcesBuildPhase;
			buildActionMask = 2147483647;
			files = (
				3551B1FF22F42E7000FEB135 /* ContactStoryboard.storyboard in Resources */,
				35EB612C22D44C6000F6D119 /* LaunchScreen.storyboard in Resources */,
				35E9859E22EAB52700EEDC20 /* example.json in Resources */,
				35EB612922D44C6000F6D119 /* Assets.xcassets in Resources */,
				35EB612722D44C5F00F6D119 /* Main.storyboard in Resources */,
				35E985AC22EACF4900EEDC20 /* NotifyStoryboard.storyboard in Resources */,
				35E985A522EACAC800EEDC20 /* QuizStoryboard.storyboard in Resources */,
				35E985A922EACDC900EEDC20 /* FavoriteStoryboard.storyboard in Resources */,
				35E4B9E322D70B0F0059799F /* sports.jpg in Resources */,
				35E985AF22EAD0AC00EEDC20 /* VideoStoryboard.storyboard in Resources */,
			);
			runOnlyForDeploymentPostprocessing = 0;
		};
/* End PBXResourcesBuildPhase section */

/* Begin PBXShellScriptBuildPhase section */
		22205BE5D3F824BBD466AC0B /* [CP] Check Pods Manifest.lock */ = {
			isa = PBXShellScriptBuildPhase;
			buildActionMask = 2147483647;
			files = (
			);
			inputFileListPaths = (
			);
			inputPaths = (
				"${PODS_PODFILE_DIR_PATH}/Podfile.lock",
				"${PODS_ROOT}/Manifest.lock",
			);
			name = "[CP] Check Pods Manifest.lock";
			outputFileListPaths = (
			);
			outputPaths = (
				"$(DERIVED_FILE_DIR)/Pods-Asignment01Test-checkManifestLockResult.txt",
			);
			runOnlyForDeploymentPostprocessing = 0;
			shellPath = /bin/sh;
			shellScript = "diff \"${PODS_PODFILE_DIR_PATH}/Podfile.lock\" \"${PODS_ROOT}/Manifest.lock\" > /dev/null\nif [ $? != 0 ] ; then\n    # print error to STDERR\n    echo \"error: The sandbox is not in sync with the Podfile.lock. Run 'pod install' or update your CocoaPods installation.\" >&2\n    exit 1\nfi\n# This output is used by Xcode 'outputs' to avoid re-running this script phase.\necho \"SUCCESS\" > \"${SCRIPT_OUTPUT_FILE_0}\"\n";
			showEnvVarsInLog = 0;
		};
		686FBACB202058C6331997AA /* [CP] Check Pods Manifest.lock */ = {
			isa = PBXShellScriptBuildPhase;
			buildActionMask = 2147483647;
			files = (
			);
			inputFileListPaths = (
			);
			inputPaths = (
				"${PODS_PODFILE_DIR_PATH}/Podfile.lock",
				"${PODS_ROOT}/Manifest.lock",
			);
			name = "[CP] Check Pods Manifest.lock";
			outputFileListPaths = (
			);
			outputPaths = (
				"$(DERIVED_FILE_DIR)/Pods-Asignment01-checkManifestLockResult.txt",
			);
			runOnlyForDeploymentPostprocessing = 0;
			shellPath = /bin/sh;
			shellScript = "diff \"${PODS_PODFILE_DIR_PATH}/Podfile.lock\" \"${PODS_ROOT}/Manifest.lock\" > /dev/null\nif [ $? != 0 ] ; then\n    # print error to STDERR\n    echo \"error: The sandbox is not in sync with the Podfile.lock. Run 'pod install' or update your CocoaPods installation.\" >&2\n    exit 1\nfi\n# This output is used by Xcode 'outputs' to avoid re-running this script phase.\necho \"SUCCESS\" > \"${SCRIPT_OUTPUT_FILE_0}\"\n";
			showEnvVarsInLog = 0;
		};
		BFC5A0354EA86513AA48C78D /* [CP] Embed Pods Frameworks */ = {
			isa = PBXShellScriptBuildPhase;
			buildActionMask = 2147483647;
			files = (
			);
			inputFileListPaths = (
				"${PODS_ROOT}/Target Support Files/Pods-Asignment01/Pods-Asignment01-frameworks-${CONFIGURATION}-input-files.xcfilelist",
			);
			name = "[CP] Embed Pods Frameworks";
			outputFileListPaths = (
				"${PODS_ROOT}/Target Support Files/Pods-Asignment01/Pods-Asignment01-frameworks-${CONFIGURATION}-output-files.xcfilelist",
			);
			runOnlyForDeploymentPostprocessing = 0;
			shellPath = /bin/sh;
			shellScript = "\"${PODS_ROOT}/Target Support Files/Pods-Asignment01/Pods-Asignment01-frameworks.sh\"\n";
			showEnvVarsInLog = 0;
		};
/* End PBXShellScriptBuildPhase section */

/* Begin PBXSourcesBuildPhase section */
		3551B1D322F190B800FEB135 /* Sources */ = {
			isa = PBXSourcesBuildPhase;
			buildActionMask = 2147483647;
			files = (
				3551B1F222F3007B00FEB135 /* NotificationViewControllerTest.swift in Sources */,
				3551B1F822F300EA00FEB135 /* VideoViewControllerTest.swift in Sources */,
				3551B1E722F1920400FEB135 /* QuestionListViewControllerTest.swift in Sources */,
				3551B1E522F191CC00FEB135 /* QuizSelectViewControllerTest.swift in Sources */,
				3551B1F522F300AC00FEB135 /* FavoriteViewControllerTest.swift in Sources */,
				3551B1E922F1922A00FEB135 /* QuestionAnswerViewController.swift in Sources */,
			);
			runOnlyForDeploymentPostprocessing = 0;
		};
		35EB611A22D44C5F00F6D119 /* Sources */ = {
			isa = PBXSourcesBuildPhase;
			buildActionMask = 2147483647;
			files = (
				3519CDDB22EED47C00872C0C /* QuestionListView.swift in Sources */,
				3551B20322F4310A00FEB135 /* ContactView.swift in Sources */,
				35E7528222E021EA0052CC85 /* FavoriteViewController.swift in Sources */,
				35DED13022E18FA10051968C /* FavoriteTableViewCell.swift in Sources */,
				35F2E63822F83405002AE61F /* VideoTableViewCell.swift in Sources */,
				3551B20722F4379200FEB135 /* RealmModelData .swift in Sources */,
				35EB613622D44D0D00F6D119 /* QuestionListViewController.swift in Sources */,
				35E9859C22EAAC0200EEDC20 /* VideoPlayerViewController.swift in Sources */,
				35EB613422D44CFD00F6D119 /* QuizSelectViewController.swift in Sources */,
				35EB613822D44D1A00F6D119 /* QuestionAnswerViewController.swift in Sources */,
				35EB613E22D4630B00F6D119 /* QuestionListTableViewCell.swift in Sources */,
				3551B20122F430E700FEB135 /* ContactViewController.swift in Sources */,
				3508FA0522DF02E300DF87F7 /* CoreDatabaseManager.swift in Sources */,
				35EB613A22D44F0C00F6D119 /* QuizHomeCollectionViewCell.swift in Sources */,
				3508F9DF22DDD82500DF87F7 /* Asignment01.xcdatamodeld in Sources */,
				356101CB22E5B501002A0B46 /* NotificationViewController.swift in Sources */,
				3551B1ED22F2A7DD00FEB135 /* NotifyView.swift in Sources */,
				3551B20522F433B800FEB135 /* ContactTableViewCell.swift in Sources */,
				3519CDB722EEA72C00872C0C /* QuizSelectView.swift in Sources */,
				3519CDDD22EED49C00872C0C /* QuestionAnswerView.swift in Sources */,
				35EB614222D48D0500F6D119 /* QuestionAnswerTableViewCell.swift in Sources */,
				3551B1EF22F2AA0700FEB135 /* VideoView.swift in Sources */,
				35EB612222D44C5F00F6D119 /* AppDelegate.swift in Sources */,
				35EB613C22D461C300F6D119 /* QuizModelData.swift in Sources */,
				3551B1EB22F2A64500FEB135 /* FavoriteView.swift in Sources */,
			);
			runOnlyForDeploymentPostprocessing = 0;
		};
/* End PBXSourcesBuildPhase section */

/* Begin PBXTargetDependency section */
		3551B1DD22F190B800FEB135 /* PBXTargetDependency */ = {
			isa = PBXTargetDependency;
			target = 35EB611D22D44C5F00F6D119 /* Asignment01 */;
			targetProxy = 3551B1DC22F190B800FEB135 /* PBXContainerItemProxy */;
		};
/* End PBXTargetDependency section */

/* Begin PBXVariantGroup section */
		35EB612522D44C5F00F6D119 /* Main.storyboard */ = {
			isa = PBXVariantGroup;
			children = (
				35EB612622D44C5F00F6D119 /* Base */,
			);
			name = Main.storyboard;
			sourceTree = "<group>";
		};
		35EB612A22D44C6000F6D119 /* LaunchScreen.storyboard */ = {
			isa = PBXVariantGroup;
			children = (
				35EB612B22D44C6000F6D119 /* Base */,
			);
			name = LaunchScreen.storyboard;
			sourceTree = "<group>";
		};
/* End PBXVariantGroup section */

/* Begin XCBuildConfiguration section */
		3551B1DF22F190B800FEB135 /* Debug */ = {
			isa = XCBuildConfiguration;
			baseConfigurationReference = FF594A921DDC7AB80EA676F3 /* Pods-Asignment01Test.debug.xcconfig */;
			buildSettings = {
				BUNDLE_LOADER = "$(TEST_HOST)";
				CLANG_ENABLE_MODULES = YES;
				CODE_SIGN_STYLE = Automatic;
				INFOPLIST_FILE = Asignment01Test/Info.plist;
				LD_RUNPATH_SEARCH_PATHS = (
					"$(inherited)",
					"@executable_path/Frameworks",
					"@loader_path/Frameworks",
				);
				PRODUCT_BUNDLE_IDENTIFIER = sapient.Asignment01Test;
				PRODUCT_NAME = "$(TARGET_NAME)";
				SWIFT_OPTIMIZATION_LEVEL = "-Onone";
				SWIFT_VERSION = 5.0;
				TARGETED_DEVICE_FAMILY = "1,2";
				TEST_HOST = "$(BUILT_PRODUCTS_DIR)/Asignment01.app/Asignment01";
			};
			name = Debug;
		};
		3551B1E022F190B800FEB135 /* Release */ = {
			isa = XCBuildConfiguration;
			baseConfigurationReference = FA3A2BF2756D668CB4346FD4 /* Pods-Asignment01Test.release.xcconfig */;
			buildSettings = {
				BUNDLE_LOADER = "$(TEST_HOST)";
				CLANG_ENABLE_MODULES = YES;
				CODE_SIGN_STYLE = Automatic;
				INFOPLIST_FILE = Asignment01Test/Info.plist;
				LD_RUNPATH_SEARCH_PATHS = (
					"$(inherited)",
					"@executable_path/Frameworks",
					"@loader_path/Frameworks",
				);
				PRODUCT_BUNDLE_IDENTIFIER = sapient.Asignment01Test;
				PRODUCT_NAME = "$(TARGET_NAME)";
				SWIFT_VERSION = 5.0;
				TARGETED_DEVICE_FAMILY = "1,2";
				TEST_HOST = "$(BUILT_PRODUCTS_DIR)/Asignment01.app/Asignment01";
			};
			name = Release;
		};
		35EB612E22D44C6000F6D119 /* Debug */ = {
			isa = XCBuildConfiguration;
			buildSettings = {
				ALWAYS_SEARCH_USER_PATHS = NO;
				CLANG_ANALYZER_NONNULL = YES;
				CLANG_ANALYZER_NUMBER_OBJECT_CONVERSION = YES_AGGRESSIVE;
				CLANG_CXX_LANGUAGE_STANDARD = "gnu++14";
				CLANG_CXX_LIBRARY = "libc++";
				CLANG_ENABLE_MODULES = YES;
				CLANG_ENABLE_OBJC_ARC = YES;
				CLANG_ENABLE_OBJC_WEAK = YES;
				CLANG_WARN_BLOCK_CAPTURE_AUTORELEASING = YES;
				CLANG_WARN_BOOL_CONVERSION = YES;
				CLANG_WARN_COMMA = YES;
				CLANG_WARN_CONSTANT_CONVERSION = YES;
				CLANG_WARN_DEPRECATED_OBJC_IMPLEMENTATIONS = YES;
				CLANG_WARN_DIRECT_OBJC_ISA_USAGE = YES_ERROR;
				CLANG_WARN_DOCUMENTATION_COMMENTS = YES;
				CLANG_WARN_EMPTY_BODY = YES;
				CLANG_WARN_ENUM_CONVERSION = YES;
				CLANG_WARN_INFINITE_RECURSION = YES;
				CLANG_WARN_INT_CONVERSION = YES;
				CLANG_WARN_NON_LITERAL_NULL_CONVERSION = YES;
				CLANG_WARN_OBJC_IMPLICIT_RETAIN_SELF = YES;
				CLANG_WARN_OBJC_LITERAL_CONVERSION = YES;
				CLANG_WARN_OBJC_ROOT_CLASS = YES_ERROR;
				CLANG_WARN_RANGE_LOOP_ANALYSIS = YES;
				CLANG_WARN_STRICT_PROTOTYPES = YES;
				CLANG_WARN_SUSPICIOUS_MOVE = YES;
				CLANG_WARN_UNGUARDED_AVAILABILITY = YES_AGGRESSIVE;
				CLANG_WARN_UNREACHABLE_CODE = YES;
				CLANG_WARN__DUPLICATE_METHOD_MATCH = YES;
				CODE_SIGN_IDENTITY = "iPhone Developer";
				COPY_PHASE_STRIP = NO;
				DEBUG_INFORMATION_FORMAT = dwarf;
				ENABLE_STRICT_OBJC_MSGSEND = YES;
				ENABLE_TESTABILITY = YES;
				GCC_C_LANGUAGE_STANDARD = gnu11;
				GCC_DYNAMIC_NO_PIC = NO;
				GCC_NO_COMMON_BLOCKS = YES;
				GCC_OPTIMIZATION_LEVEL = 0;
				GCC_PREPROCESSOR_DEFINITIONS = (
					"DEBUG=1",
					"$(inherited)",
				);
				GCC_WARN_64_TO_32_BIT_CONVERSION = YES;
				GCC_WARN_ABOUT_RETURN_TYPE = YES_ERROR;
				GCC_WARN_UNDECLARED_SELECTOR = YES;
				GCC_WARN_UNINITIALIZED_AUTOS = YES_AGGRESSIVE;
				GCC_WARN_UNUSED_FUNCTION = YES;
				GCC_WARN_UNUSED_VARIABLE = YES;
				IPHONEOS_DEPLOYMENT_TARGET = 12.2;
				MTL_ENABLE_DEBUG_INFO = INCLUDE_SOURCE;
				MTL_FAST_MATH = YES;
				ONLY_ACTIVE_ARCH = YES;
				SDKROOT = iphoneos;
				SWIFT_ACTIVE_COMPILATION_CONDITIONS = DEBUG;
				SWIFT_OPTIMIZATION_LEVEL = "-Onone";
			};
			name = Debug;
		};
		35EB612F22D44C6000F6D119 /* Release */ = {
			isa = XCBuildConfiguration;
			buildSettings = {
				ALWAYS_SEARCH_USER_PATHS = NO;
				CLANG_ANALYZER_NONNULL = YES;
				CLANG_ANALYZER_NUMBER_OBJECT_CONVERSION = YES_AGGRESSIVE;
				CLANG_CXX_LANGUAGE_STANDARD = "gnu++14";
				CLANG_CXX_LIBRARY = "libc++";
				CLANG_ENABLE_MODULES = YES;
				CLANG_ENABLE_OBJC_ARC = YES;
				CLANG_ENABLE_OBJC_WEAK = YES;
				CLANG_WARN_BLOCK_CAPTURE_AUTORELEASING = YES;
				CLANG_WARN_BOOL_CONVERSION = YES;
				CLANG_WARN_COMMA = YES;
				CLANG_WARN_CONSTANT_CONVERSION = YES;
				CLANG_WARN_DEPRECATED_OBJC_IMPLEMENTATIONS = YES;
				CLANG_WARN_DIRECT_OBJC_ISA_USAGE = YES_ERROR;
				CLANG_WARN_DOCUMENTATION_COMMENTS = YES;
				CLANG_WARN_EMPTY_BODY = YES;
				CLANG_WARN_ENUM_CONVERSION = YES;
				CLANG_WARN_INFINITE_RECURSION = YES;
				CLANG_WARN_INT_CONVERSION = YES;
				CLANG_WARN_NON_LITERAL_NULL_CONVERSION = YES;
				CLANG_WARN_OBJC_IMPLICIT_RETAIN_SELF = YES;
				CLANG_WARN_OBJC_LITERAL_CONVERSION = YES;
				CLANG_WARN_OBJC_ROOT_CLASS = YES_ERROR;
				CLANG_WARN_RANGE_LOOP_ANALYSIS = YES;
				CLANG_WARN_STRICT_PROTOTYPES = YES;
				CLANG_WARN_SUSPICIOUS_MOVE = YES;
				CLANG_WARN_UNGUARDED_AVAILABILITY = YES_AGGRESSIVE;
				CLANG_WARN_UNREACHABLE_CODE = YES;
				CLANG_WARN__DUPLICATE_METHOD_MATCH = YES;
				CODE_SIGN_IDENTITY = "iPhone Developer";
				COPY_PHASE_STRIP = NO;
				DEBUG_INFORMATION_FORMAT = "dwarf-with-dsym";
				ENABLE_NS_ASSERTIONS = NO;
				ENABLE_STRICT_OBJC_MSGSEND = YES;
				GCC_C_LANGUAGE_STANDARD = gnu11;
				GCC_NO_COMMON_BLOCKS = YES;
				GCC_WARN_64_TO_32_BIT_CONVERSION = YES;
				GCC_WARN_ABOUT_RETURN_TYPE = YES_ERROR;
				GCC_WARN_UNDECLARED_SELECTOR = YES;
				GCC_WARN_UNINITIALIZED_AUTOS = YES_AGGRESSIVE;
				GCC_WARN_UNUSED_FUNCTION = YES;
				GCC_WARN_UNUSED_VARIABLE = YES;
				IPHONEOS_DEPLOYMENT_TARGET = 12.2;
				MTL_ENABLE_DEBUG_INFO = NO;
				MTL_FAST_MATH = YES;
				SDKROOT = iphoneos;
				SWIFT_COMPILATION_MODE = wholemodule;
				SWIFT_OPTIMIZATION_LEVEL = "-O";
				VALIDATE_PRODUCT = YES;
			};
			name = Release;
		};
		35EB613122D44C6000F6D119 /* Debug */ = {
			isa = XCBuildConfiguration;
			baseConfigurationReference = 9B328B0AC0EA6213B61F92E0 /* Pods-Asignment01.debug.xcconfig */;
			buildSettings = {
				ASSETCATALOG_COMPILER_APPICON_NAME = AppIcon;
				CLANG_ENABLE_MODULES = YES;
				CODE_SIGN_STYLE = Automatic;
				INFOPLIST_FILE = Asignment01/Info.plist;
				LD_RUNPATH_SEARCH_PATHS = (
					"$(inherited)",
					"@executable_path/Frameworks",
				);
				PRODUCT_BUNDLE_IDENTIFIER = sapient.Asignment01;
				PRODUCT_NAME = "$(TARGET_NAME)";
				SWIFT_OBJC_BRIDGING_HEADER = "";
				SWIFT_OPTIMIZATION_LEVEL = "-Onone";
				SWIFT_VERSION = 5.0;
				TARGETED_DEVICE_FAMILY = "1,2";
			};
			name = Debug;
		};
		35EB613222D44C6000F6D119 /* Release */ = {
			isa = XCBuildConfiguration;
			baseConfigurationReference = 937899FE44A57802C30669D7 /* Pods-Asignment01.release.xcconfig */;
			buildSettings = {
				ASSETCATALOG_COMPILER_APPICON_NAME = AppIcon;
				CLANG_ENABLE_MODULES = YES;
				CODE_SIGN_STYLE = Automatic;
				INFOPLIST_FILE = Asignment01/Info.plist;
				LD_RUNPATH_SEARCH_PATHS = (
					"$(inherited)",
					"@executable_path/Frameworks",
				);
				PRODUCT_BUNDLE_IDENTIFIER = sapient.Asignment01;
				PRODUCT_NAME = "$(TARGET_NAME)";
				SWIFT_OBJC_BRIDGING_HEADER = "";
				SWIFT_VERSION = 5.0;
				TARGETED_DEVICE_FAMILY = "1,2";
			};
			name = Release;
		};
/* End XCBuildConfiguration section */

/* Begin XCConfigurationList section */
		3551B1DE22F190B800FEB135 /* Build configuration list for PBXNativeTarget "Asignment01Test" */ = {
			isa = XCConfigurationList;
			buildConfigurations = (
				3551B1DF22F190B800FEB135 /* Debug */,
				3551B1E022F190B800FEB135 /* Release */,
			);
			defaultConfigurationIsVisible = 0;
			defaultConfigurationName = Release;
		};
		35EB611922D44C5F00F6D119 /* Build configuration list for PBXProject "Asignment01" */ = {
			isa = XCConfigurationList;
			buildConfigurations = (
				35EB612E22D44C6000F6D119 /* Debug */,
				35EB612F22D44C6000F6D119 /* Release */,
			);
			defaultConfigurationIsVisible = 0;
			defaultConfigurationName = Release;
		};
		35EB613022D44C6000F6D119 /* Build configuration list for PBXNativeTarget "Asignment01" */ = {
			isa = XCConfigurationList;
			buildConfigurations = (
				35EB613122D44C6000F6D119 /* Debug */,
				35EB613222D44C6000F6D119 /* Release */,
			);
			defaultConfigurationIsVisible = 0;
			defaultConfigurationName = Release;
		};
/* End XCConfigurationList section */

/* Begin XCVersionGroup section */
		3508F9DD22DDD82500DF87F7 /* Asignment01.xcdatamodeld */ = {
			isa = XCVersionGroup;
			children = (
				3508F9DE22DDD82500DF87F7 /* Asignment01.xcdatamodel */,
			);
			currentVersion = 3508F9DE22DDD82500DF87F7 /* Asignment01.xcdatamodel */;
			path = Asignment01.xcdatamodeld;
			sourceTree = "<group>";
			versionGroupType = wrapper.xcdatamodel;
		};
/* End XCVersionGroup section */
	};
	rootObject = 35EB611622D44C5F00F6D119 /* Project object */;
}
